// !$*UTF8*$!
{
	archiveVersion = 1;
	classes = {
	};
	objectVersion = 56;
	objects = {

/* Begin PBXBuildFile section */
		705F6A9B2C1F1BCE00E80040 /* salariedemployee.cpp in Sources */ = {isa = PBXBuildFile; fileRef = 705F6A942C1F1BCE00E80040 /* salariedemployee.cpp */; };
		705F6A9C2C1F1BCE00E80040 /* employee.cpp in Sources */ = {isa = PBXBuildFile; fileRef = 705F6A962C1F1BCE00E80040 /* employee.cpp */; };
		705F6A9D2C1F1BCE00E80040 /* 14-4.cpp in Sources */ = {isa = PBXBuildFile; fileRef = 705F6A992C1F1BCE00E80040 /* 14-4.cpp */; };
		705F6A9E2C1F1BCE00E80040 /* administrator.cpp in Sources */ = {isa = PBXBuildFile; fileRef = 705F6A9A2C1F1BCE00E80040 /* administrator.cpp */; };
		705F6AA32C1F218700E80040 /* Document.cpp in Sources */ = {isa = PBXBuildFile; fileRef = 705F6AA12C1F218700E80040 /* Document.cpp */; };
		705F6AA62C1F221D00E80040 /* Email.cpp in Sources */ = {isa = PBXBuildFile; fileRef = 705F6AA42C1F221D00E80040 /* Email.cpp */; };
		705F6AA92C1F229300E80040 /* File.cpp in Sources */ = {isa = PBXBuildFile; fileRef = 705F6AA72C1F229300E80040 /* File.cpp */; };
		705F6AAB2C1F22BA00E80040 /* 14-7.cpp in Sources */ = {isa = PBXBuildFile; fileRef = 705F6AAA2C1F22BA00E80040 /* 14-7.cpp */; };
		705F6AAE2C1F2E0B00E80040 /* 14-9.cpp in Sources */ = {isa = PBXBuildFile; fileRef = 705F6AAD2C1F2E0B00E80040 /* 14-9.cpp */; };
		705F6AB12C1F319B00E80040 /* 15-7.cpp in Sources */ = {isa = PBXBuildFile; fileRef = 705F6AB02C1F319B00E80040 /* 15-7.cpp */; };
		705F6AB42C1F394900E80040 /* 15-4.cpp in Sources */ = {isa = PBXBuildFile; fileRef = 705F6AB32C1F394900E80040 /* 15-4.cpp */; };
/* End PBXBuildFile section */

/* Begin PBXCopyFilesBuildPhase section */
		70E1A1292C1EE8D1005B8AC2 /* CopyFiles */ = {
			isa = PBXCopyFilesBuildPhase;
			buildActionMask = 2147483647;
			dstPath = /usr/share/man/man1/;
			dstSubfolderSpec = 0;
			files = (
			);
			runOnlyForDeploymentPostprocessing = 1;
		};
/* End PBXCopyFilesBuildPhase section */

/* Begin PBXFileReference section */
		705F6A942C1F1BCE00E80040 /* salariedemployee.cpp */ = {isa = PBXFileReference; fileEncoding = 4; lastKnownFileType = sourcecode.cpp.cpp; path = salariedemployee.cpp; sourceTree = "<group>"; };
		705F6A952C1F1BCE00E80040 /* administrator.h */ = {isa = PBXFileReference; fileEncoding = 4; lastKnownFileType = sourcecode.c.h; path = administrator.h; sourceTree = "<group>"; };
		705F6A962C1F1BCE00E80040 /* employee.cpp */ = {isa = PBXFileReference; fileEncoding = 4; lastKnownFileType = sourcecode.cpp.cpp; path = employee.cpp; sourceTree = "<group>"; };
		705F6A972C1F1BCE00E80040 /* employee.h */ = {isa = PBXFileReference; fileEncoding = 4; lastKnownFileType = sourcecode.c.h; path = employee.h; sourceTree = "<group>"; };
		705F6A982C1F1BCE00E80040 /* salariedemployee.h */ = {isa = PBXFileReference; fileEncoding = 4; lastKnownFileType = sourcecode.c.h; path = salariedemployee.h; sourceTree = "<group>"; };
		705F6A992C1F1BCE00E80040 /* 14-4.cpp */ = {isa = PBXFileReference; fileEncoding = 4; lastKnownFileType = sourcecode.cpp.cpp; path = "14-4.cpp"; sourceTree = "<group>"; };
		705F6A9A2C1F1BCE00E80040 /* administrator.cpp */ = {isa = PBXFileReference; fileEncoding = 4; lastKnownFileType = sourcecode.cpp.cpp; path = administrator.cpp; sourceTree = "<group>"; };
		705F6AA12C1F218700E80040 /* Document.cpp */ = {isa = PBXFileReference; lastKnownFileType = sourcecode.cpp.cpp; path = Document.cpp; sourceTree = "<group>"; };
		705F6AA22C1F218700E80040 /* Document.h */ = {isa = PBXFileReference; lastKnownFileType = sourcecode.c.h; path = Document.h; sourceTree = "<group>"; };
		705F6AA42C1F221D00E80040 /* Email.cpp */ = {isa = PBXFileReference; lastKnownFileType = sourcecode.cpp.cpp; path = Email.cpp; sourceTree = "<group>"; };
		705F6AA52C1F221D00E80040 /* Email.h */ = {isa = PBXFileReference; lastKnownFileType = sourcecode.c.h; path = Email.h; sourceTree = "<group>"; };
		705F6AA72C1F229300E80040 /* File.cpp */ = {isa = PBXFileReference; lastKnownFileType = sourcecode.cpp.cpp; path = File.cpp; sourceTree = "<group>"; };
		705F6AA82C1F229300E80040 /* File.h */ = {isa = PBXFileReference; lastKnownFileType = sourcecode.c.h; path = File.h; sourceTree = "<group>"; };
		705F6AAA2C1F22BA00E80040 /* 14-7.cpp */ = {isa = PBXFileReference; lastKnownFileType = sourcecode.cpp.cpp; path = "14-7.cpp"; sourceTree = "<group>"; };
		705F6AAD2C1F2E0B00E80040 /* 14-9.cpp */ = {isa = PBXFileReference; lastKnownFileType = sourcecode.cpp.cpp; path = "14-9.cpp"; sourceTree = "<group>"; };
		705F6AB02C1F319B00E80040 /* 15-7.cpp */ = {isa = PBXFileReference; lastKnownFileType = sourcecode.cpp.cpp; path = "15-7.cpp"; sourceTree = "<group>"; };
		705F6AB32C1F394900E80040 /* 15-4.cpp */ = {isa = PBXFileReference; lastKnownFileType = sourcecode.cpp.cpp; path = "15-4.cpp"; sourceTree = "<group>"; };
		70E1A12B2C1EE8D1005B8AC2 /* hw0620 */ = {isa = PBXFileReference; explicitFileType = "compiled.mach-o.executable"; includeInIndex = 0; path = hw0620; sourceTree = BUILT_PRODUCTS_DIR; };
/* End PBXFileReference section */

/* Begin PBXFrameworksBuildPhase section */
		70E1A1282C1EE8D1005B8AC2 /* Frameworks */ = {
			isa = PBXFrameworksBuildPhase;
			buildActionMask = 2147483647;
			files = (
			);
			runOnlyForDeploymentPostprocessing = 0;
		};
/* End PBXFrameworksBuildPhase section */

/* Begin PBXGroup section */
		705F6A932C1F1B9100E80040 /* 14-4 */ = {
			isa = PBXGroup;
			children = (
				705F6A992C1F1BCE00E80040 /* 14-4.cpp */,
				705F6A9A2C1F1BCE00E80040 /* administrator.cpp */,
				705F6A952C1F1BCE00E80040 /* administrator.h */,
				705F6A962C1F1BCE00E80040 /* employee.cpp */,
				705F6A972C1F1BCE00E80040 /* employee.h */,
				705F6A942C1F1BCE00E80040 /* salariedemployee.cpp */,
				705F6A982C1F1BCE00E80040 /* salariedemployee.h */,
			);
			path = "14-4";
			sourceTree = "<group>";
		};
		705F6A9F2C1F1F4400E80040 /* 14-7 */ = {
			isa = PBXGroup;
			children = (
				705F6AA12C1F218700E80040 /* Document.cpp */,
				705F6AA42C1F221D00E80040 /* Email.cpp */,
				705F6AA72C1F229300E80040 /* File.cpp */,
				705F6AAA2C1F22BA00E80040 /* 14-7.cpp */,
				705F6AA82C1F229300E80040 /* File.h */,
				705F6AA52C1F221D00E80040 /* Email.h */,
				705F6AA22C1F218700E80040 /* Document.h */,
			);
			path = "14-7";
			sourceTree = "<group>";
		};
		705F6AAC2C1F2DE600E80040 /* 14-9 */ = {
			isa = PBXGroup;
			children = (
				705F6AAD2C1F2E0B00E80040 /* 14-9.cpp */,
			);
			path = "14-9";
			sourceTree = "<group>";
		};
		705F6AAF2C1F318000E80040 /* 15-7 */ = {
			isa = PBXGroup;
			children = (
				705F6AB02C1F319B00E80040 /* 15-7.cpp */,
			);
			path = "15-7";
			sourceTree = "<group>";
		};
		705F6AB22C1F392A00E80040 /* 15-4 */ = {
			isa = PBXGroup;
			children = (
				705F6AB32C1F394900E80040 /* 15-4.cpp */,
			);
			path = "15-4";
			sourceTree = "<group>";
		};
		70E1A1222C1EE8D1005B8AC2 = {
			isa = PBXGroup;
			children = (
				705F6AB22C1F392A00E80040 /* 15-4 */,
				705F6AAF2C1F318000E80040 /* 15-7 */,
				705F6AAC2C1F2DE600E80040 /* 14-9 */,
				705F6A9F2C1F1F4400E80040 /* 14-7 */,
				705F6A932C1F1B9100E80040 /* 14-4 */,
				70E1A12C2C1EE8D1005B8AC2 /* Products */,
			);
			sourceTree = "<group>";
		};
		70E1A12C2C1EE8D1005B8AC2 /* Products */ = {
			isa = PBXGroup;
			children = (
				70E1A12B2C1EE8D1005B8AC2 /* hw0620 */,
			);
			name = Products;
			sourceTree = "<group>";
		};
/* End PBXGroup section */

/* Begin PBXNativeTarget section */
		70E1A12A2C1EE8D1005B8AC2 /* hw0620 */ = {
			isa = PBXNativeTarget;
			buildConfigurationList = 70E1A1322C1EE8D1005B8AC2 /* Build configuration list for PBXNativeTarget "hw0620" */;
			buildPhases = (
				70E1A1272C1EE8D1005B8AC2 /* Sources */,
				70E1A1282C1EE8D1005B8AC2 /* Frameworks */,
				70E1A1292C1EE8D1005B8AC2 /* CopyFiles */,
			);
			buildRules = (
			);
			dependencies = (
			);
			name = hw0620;
			productName = hw0620;
			productReference = 70E1A12B2C1EE8D1005B8AC2 /* hw0620 */;
			productType = "com.apple.product-type.tool";
		};
/* End PBXNativeTarget section */

/* Begin PBXProject section */
		70E1A1232C1EE8D1005B8AC2 /* Project object */ = {
			isa = PBXProject;
			attributes = {
				BuildIndependentTargetsInParallel = 1;
				LastUpgradeCheck = 1500;
				TargetAttributes = {
					70E1A12A2C1EE8D1005B8AC2 = {
						CreatedOnToolsVersion = 15.0.1;
					};
				};
			};
			buildConfigurationList = 70E1A1262C1EE8D1005B8AC2 /* Build configuration list for PBXProject "hw0620" */;
			compatibilityVersion = "Xcode 14.0";
			developmentRegion = en;
			hasScannedForEncodings = 0;
			knownRegions = (
				en,
				Base,
			);
			mainGroup = 70E1A1222C1EE8D1005B8AC2;
			productRefGroup = 70E1A12C2C1EE8D1005B8AC2 /* Products */;
			projectDirPath = "";
			projectRoot = "";
			targets = (
				70E1A12A2C1EE8D1005B8AC2 /* hw0620 */,
			);
		};
/* End PBXProject section */

/* Begin PBXSourcesBuildPhase section */
		70E1A1272C1EE8D1005B8AC2 /* Sources */ = {
			isa = PBXSourcesBuildPhase;
			buildActionMask = 2147483647;
			files = (
				705F6AAE2C1F2E0B00E80040 /* 14-9.cpp in Sources */,
				705F6AA62C1F221D00E80040 /* Email.cpp in Sources */,
				705F6A9D2C1F1BCE00E80040 /* 14-4.cpp in Sources */,
				705F6AAB2C1F22BA00E80040 /* 14-7.cpp in Sources */,
				705F6AB12C1F319B00E80040 /* 15-7.cpp in Sources */,
				705F6AA32C1F218700E80040 /* Document.cpp in Sources */,
				705F6AB42C1F394900E80040 /* 15-4.cpp in Sources */,
				705F6A9B2C1F1BCE00E80040 /* salariedemployee.cpp in Sources */,
				705F6A9C2C1F1BCE00E80040 /* employee.cpp in Sources */,
				705F6A9E2C1F1BCE00E80040 /* administrator.cpp in Sources */,
				705F6AA92C1F229300E80040 /* File.cpp in Sources */,
			);
			runOnlyForDeploymentPostprocessing = 0;
		};
/* End PBXSourcesBuildPhase section */

/* Begin XCBuildConfiguration section */
		70E1A1302C1EE8D1005B8AC2 /* Debug */ = {
			isa = XCBuildConfiguration;
			buildSettings = {
				ALWAYS_SEARCH_USER_PATHS = NO;
				ASSETCATALOG_COMPILER_GENERATE_SWIFT_ASSET_SYMBOL_EXTENSIONS = YES;
				CLANG_ANALYZER_NONNULL = YES;
				CLANG_ANALYZER_NUMBER_OBJECT_CONVERSION = YES_AGGRESSIVE;
				CLANG_CXX_LANGUAGE_STANDARD = "gnu++20";
				CLANG_ENABLE_MODULES = YES;
				CLANG_ENABLE_OBJC_ARC = YES;
				CLANG_ENABLE_OBJC_WEAK = YES;
				CLANG_WARN_BLOCK_CAPTURE_AUTORELEASING = YES;
				CLANG_WARN_BOOL_CONVERSION = YES;
				CLANG_WARN_COMMA = YES;
				CLANG_WARN_CONSTANT_CONVERSION = YES;
				CLANG_WARN_DEPRECATED_OBJC_IMPLEMENTATIONS = YES;
				CLANG_WARN_DIRECT_OBJC_ISA_USAGE = YES_ERROR;
				CLANG_WARN_DOCUMENTATION_COMMENTS = YES;
				CLANG_WARN_EMPTY_BODY = YES;
				CLANG_WARN_ENUM_CONVERSION = YES;
				CLANG_WARN_INFINITE_RECURSION = YES;
				CLANG_WARN_INT_CONVERSION = YES;
				CLANG_WARN_NON_LITERAL_NULL_CONVERSION = YES;
				CLANG_WARN_OBJC_IMPLICIT_RETAIN_SELF = YES;
				CLANG_WARN_OBJC_LITERAL_CONVERSION = YES;
				CLANG_WARN_OBJC_ROOT_CLASS = YES_ERROR;
				CLANG_WARN_QUOTED_INCLUDE_IN_FRAMEWORK_HEADER = YES;
				CLANG_WARN_RANGE_LOOP_ANALYSIS = YES;
				CLANG_WARN_STRICT_PROTOTYPES = YES;
				CLANG_WARN_SUSPICIOUS_MOVE = YES;
				CLANG_WARN_UNGUARDED_AVAILABILITY = YES_AGGRESSIVE;
				CLANG_WARN_UNREACHABLE_CODE = YES;
				CLANG_WARN__DUPLICATE_METHOD_MATCH = YES;
				COPY_PHASE_STRIP = NO;
				DEBUG_INFORMATION_FORMAT = dwarf;
				ENABLE_STRICT_OBJC_MSGSEND = YES;
				ENABLE_TESTABILITY = YES;
				ENABLE_USER_SCRIPT_SANDBOXING = YES;
				GCC_C_LANGUAGE_STANDARD = gnu17;
				GCC_DYNAMIC_NO_PIC = NO;
				GCC_NO_COMMON_BLOCKS = YES;
				GCC_OPTIMIZATION_LEVEL = 0;
				GCC_PREPROCESSOR_DEFINITIONS = (
					"DEBUG=1",
					"$(inherited)",
				);
				GCC_WARN_64_TO_32_BIT_CONVERSION = YES;
				GCC_WARN_ABOUT_RETURN_TYPE = YES_ERROR;
				GCC_WARN_UNDECLARED_SELECTOR = YES;
				GCC_WARN_UNINITIALIZED_AUTOS = YES_AGGRESSIVE;
				GCC_WARN_UNUSED_FUNCTION = YES;
				GCC_WARN_UNUSED_VARIABLE = YES;
				LOCALIZATION_PREFERS_STRING_CATALOGS = YES;
				MACOSX_DEPLOYMENT_TARGET = 14.0;
				MTL_ENABLE_DEBUG_INFO = INCLUDE_SOURCE;
				MTL_FAST_MATH = YES;
				ONLY_ACTIVE_ARCH = YES;
				SDKROOT = macosx;
			};
			name = Debug;
		};
		70E1A1312C1EE8D1005B8AC2 /* Release */ = {
			isa = XCBuildConfiguration;
			buildSettings = {
				ALWAYS_SEARCH_USER_PATHS = NO;
				ASSETCATALOG_COMPILER_GENERATE_SWIFT_ASSET_SYMBOL_EXTENSIONS = YES;
				CLANG_ANALYZER_NONNULL = YES;
				CLANG_ANALYZER_NUMBER_OBJECT_CONVERSION = YES_AGGRESSIVE;
				CLANG_CXX_LANGUAGE_STANDARD = "gnu++20";
				CLANG_ENABLE_MODULES = YES;
				CLANG_ENABLE_OBJC_ARC = YES;
				CLANG_ENABLE_OBJC_WEAK = YES;
				CLANG_WARN_BLOCK_CAPTURE_AUTORELEASING = YES;
				CLANG_WARN_BOOL_CONVERSION = YES;
				CLANG_WARN_COMMA = YES;
				CLANG_WARN_CONSTANT_CONVERSION = YES;
				CLANG_WARN_DEPRECATED_OBJC_IMPLEMENTATIONS = YES;
				CLANG_WARN_DIRECT_OBJC_ISA_USAGE = YES_ERROR;
				CLANG_WARN_DOCUMENTATION_COMMENTS = YES;
				CLANG_WARN_EMPTY_BODY = YES;
				CLANG_WARN_ENUM_CONVERSION = YES;
				CLANG_WARN_INFINITE_RECURSION = YES;
				CLANG_WARN_INT_CONVERSION = YES;
				CLANG_WARN_NON_LITERAL_NULL_CONVERSION = YES;
				CLANG_WARN_OBJC_IMPLICIT_RETAIN_SELF = YES;
				CLANG_WARN_OBJC_LITERAL_CONVERSION = YES;
				CLANG_WARN_OBJC_ROOT_CLASS = YES_ERROR;
				CLANG_WARN_QUOTED_INCLUDE_IN_FRAMEWORK_HEADER = YES;
				CLANG_WARN_RANGE_LOOP_ANALYSIS = YES;
				CLANG_WARN_STRICT_PROTOTYPES = YES;
				CLANG_WARN_SUSPICIOUS_MOVE = YES;
				CLANG_WARN_UNGUARDED_AVAILABILITY = YES_AGGRESSIVE;
				CLANG_WARN_UNREACHABLE_CODE = YES;
				CLANG_WARN__DUPLICATE_METHOD_MATCH = YES;
				COPY_PHASE_STRIP = NO;
				DEBUG_INFORMATION_FORMAT = "dwarf-with-dsym";
				ENABLE_NS_ASSERTIONS = NO;
				ENABLE_STRICT_OBJC_MSGSEND = YES;
				ENABLE_USER_SCRIPT_SANDBOXING = YES;
				GCC_C_LANGUAGE_STANDARD = gnu17;
				GCC_NO_COMMON_BLOCKS = YES;
				GCC_WARN_64_TO_32_BIT_CONVERSION = YES;
				GCC_WARN_ABOUT_RETURN_TYPE = YES_ERROR;
				GCC_WARN_UNDECLARED_SELECTOR = YES;
				GCC_WARN_UNINITIALIZED_AUTOS = YES_AGGRESSIVE;
				GCC_WARN_UNUSED_FUNCTION = YES;
				GCC_WARN_UNUSED_VARIABLE = YES;
				LOCALIZATION_PREFERS_STRING_CATALOGS = YES;
				MACOSX_DEPLOYMENT_TARGET = 14.0;
				MTL_ENABLE_DEBUG_INFO = NO;
				MTL_FAST_MATH = YES;
				SDKROOT = macosx;
			};
			name = Release;
		};
		70E1A1332C1EE8D1005B8AC2 /* Debug */ = {
			isa = XCBuildConfiguration;
			buildSettings = {
				CODE_SIGN_STYLE = Automatic;
				PRODUCT_NAME = "$(TARGET_NAME)";
			};
			name = Debug;
		};
		70E1A1342C1EE8D1005B8AC2 /* Release */ = {
			isa = XCBuildConfiguration;
			buildSettings = {
				CODE_SIGN_STYLE = Automatic;
				PRODUCT_NAME = "$(TARGET_NAME)";
			};
			name = Release;
		};
/* End XCBuildConfiguration section */

/* Begin XCConfigurationList section */
		70E1A1262C1EE8D1005B8AC2 /* Build configuration list for PBXProject "hw0620" */ = {
			isa = XCConfigurationList;
			buildConfigurations = (
				70E1A1302C1EE8D1005B8AC2 /* Debug */,
				70E1A1312C1EE8D1005B8AC2 /* Release */,
			);
			defaultConfigurationIsVisible = 0;
			defaultConfigurationName = Release;
		};
		70E1A1322C1EE8D1005B8AC2 /* Build configuration list for PBXNativeTarget "hw0620" */ = {
			isa = XCConfigurationList;
			buildConfigurations = (
				70E1A1332C1EE8D1005B8AC2 /* Debug */,
				70E1A1342C1EE8D1005B8AC2 /* Release */,
			);
			defaultConfigurationIsVisible = 0;
			defaultConfigurationName = Release;
		};
/* End XCConfigurationList section */
	};
	rootObject = 70E1A1232C1EE8D1005B8AC2 /* Project object */;
}
